<?xml version="1.0" encoding="utf-8"?>
<Project ToolsVersion="4.0" xmlns="http://schemas.microsoft.com/developer/msbuild/2003">
  <ItemGroup>
    <Filter Include="소스 파일">
      <UniqueIdentifier>{4FC737F1-C7A5-4376-A066-2A32D752A2FF}</UniqueIdentifier>
      <Extensions>cpp;c;cc;cxx;c++;cppm;ixx;def;odl;idl;hpj;bat;asm;asmx</Extensions>
    </Filter>
    <Filter Include="헤더 파일">
      <UniqueIdentifier>{93995380-89BD-4b04-88EB-625FBE52EBFB}</UniqueIdentifier>
      <Extensions>h;hh;hpp;hxx;h++;hm;inl;inc;ipp;xsd</Extensions>
    </Filter>
    <Filter Include="리소스 파일">
      <UniqueIdentifier>{67DA6AB6-F800-4c08-8B7A-83BB121AAD01}</UniqueIdentifier>
      <Extensions>rc;ico;cur;bmp;dlg;rc2;rct;bin;rgs;gif;jpg;jpeg;jpe;resx;tiff;tif;png;wav;mfcribbon-ms</Extensions>
    </Filter>
    <Filter Include="Imgui">
      <UniqueIdentifier>{73c8f9ef-77c9-4e9e-80d6-472d8ba15d8a}</UniqueIdentifier>
    </Filter>
  </ItemGroup>
  <ItemGroup>
    <ClCompile Include="source\DD_Core.cpp">
      <Filter>소스 파일</Filter>
    </ClCompile>
    <ClCompile Include="source\DD_Application.cpp">
      <Filter>소스 파일</Filter>
    </ClCompile>
    <ClCompile Include="source\DD_SimpleBox.cpp">
      <Filter>소스 파일</Filter>
    </ClCompile>
    <ClCompile Include="source\DD_GLDevice.cpp">
      <Filter>소스 파일</Filter>
    </ClCompile>
    <ClCompile Include="source\DD_World.cpp">
      <Filter>소스 파일</Filter>
    </ClCompile>
    <ClCompile Include="source\DD_Camera.cpp">
      <Filter>소스 파일</Filter>
    </ClCompile>
    <ClCompile Include="source\DD_CollisionUtils.cpp">
      <Filter>소스 파일</Filter>
    </ClCompile>
    <ClCompile Include="source\DD_DebugDraw.cpp">
      <Filter>소스 파일</Filter>
    </ClCompile>
    <ClCompile Include="source\DD_CameraController.cpp">
      <Filter>소스 파일</Filter>
    </ClCompile>
    <ClCompile Include="source\DD_Actor.cpp">
      <Filter>소스 파일</Filter>
    </ClCompile>
    <ClCompile Include="source\DD_Mesh.cpp">
      <Filter>소스 파일</Filter>
    </ClCompile>
    <ClCompile Include="source\DD_MeshComponent.cpp">
      <Filter>소스 파일</Filter>
    </ClCompile>
  </ItemGroup>
  <ItemGroup>
    <FxCompile Include="resource\Test.hlsl">
      <Filter>리소스 파일</Filter>
    </FxCompile>
  </ItemGroup>
  <ItemGroup>
    <ClInclude Include="source\DD_Core.h">
      <Filter>헤더 파일</Filter>
    </ClInclude>
    <ClInclude Include="source\DD_Application.h">
      <Filter>헤더 파일</Filter>
    </ClInclude>
    <ClInclude Include="source\framework.h">
      <Filter>헤더 파일</Filter>
    </ClInclude>
    <ClInclude Include="source\DD_SimpleBox.h">
      <Filter>헤더 파일</Filter>
    </ClInclude>
    <ClInclude Include="source\DD_GLDevice.h">
      <Filter>헤더 파일</Filter>
    </ClInclude>
    <ClInclude Include="source\DD_GLHelper.h">
      <Filter>헤더 파일</Filter>
    </ClInclude>
    <ClInclude Include="source\DD_World.h">
      <Filter>헤더 파일</Filter>
    </ClInclude>
    <ClInclude Include="source\DD_Camera.h">
      <Filter>헤더 파일</Filter>
    </ClInclude>
    <ClInclude Include="source\DD_Actor.h">
      <Filter>헤더 파일</Filter>
    </ClInclude>
    <ClInclude Include="source\DD_Transform.h">
      <Filter>헤더 파일</Filter>
    </ClInclude>
    <ClInclude Include="source\DD_MeshComponent.h">
      <Filter>헤더 파일</Filter>
    </ClInclude>
    <ClInclude Include="source\DD_CollisionComponent.h">
      <Filter>헤더 파일</Filter>
    </ClInclude>
    <ClInclude Include="source\DD_CollisionUtils.h">
      <Filter>헤더 파일</Filter>
    </ClInclude>
    <ClInclude Include="source\DD_DebugDraw.h">
      <Filter>헤더 파일</Filter>
    </ClInclude>
    <ClInclude Include="source\DD_CameraController.h">
      <Filter>헤더 파일</Filter>
    </ClInclude>
    <ClInclude Include="source\DD_Mesh.h">
      <Filter>헤더 파일</Filter>
    </ClInclude>
  </ItemGroup>
  <ItemGroup>
    <None Include="packages.config" />
  </ItemGroup>
  <ItemGroup>
    <Text Include="CMakeLists.txt" />
  </ItemGroup>
</Project>